
Microsoft Visual Studio Solution File, Format Version 12.00
# Visual Studio 15
VisualStudioVersion = 15.0.27703.1
MinimumVisualStudioVersion = 10.0.40219.1
Project("{FAE04EC0-301F-11D3-BF4B-00C04F79EFBC}") = "NetApp.Android", "NetApp\NetApp.Android\NetApp.Android.csproj", "{33E73BBC-200F-4E39-A250-7880F5C4681B}"
EndProject
Project("{FAE04EC0-301F-11D3-BF4B-00C04F79EFBC}") = "NetApp.iOS", "NetApp\NetApp.iOS\NetApp.iOS.csproj", "{E220850C-114E-4BC1-9DCB-7F12708FC947}"
EndProject
Project("{FAE04EC0-301F-11D3-BF4B-00C04F79EFBC}") = "NetApp", "NetApp\NetApp\NetApp.csproj", "{31390921-4BCB-49C4-81F4-ABE7DF6BFC51}"
EndProject
Global
	GlobalSection(SolutionConfigurationPlatforms) = preSolution
		Ad-Hoc|Any CPU = Ad-Hoc|Any CPU
		Ad-Hoc|iPhone = Ad-Hoc|iPhone
		Ad-Hoc|iPhoneSimulator = Ad-Hoc|iPhoneSimulator
		AppStore|Any CPU = AppStore|Any CPU
		AppStore|iPhone = AppStore|iPhone
		AppStore|iPhoneSimulator = AppStore|iPhoneSimulator
		Debug|Any CPU = Debug|Any CPU
		Debug|iPhone = Debug|iPhone
		Debug|iPhoneSimulator = Debug|iPhoneSimulator
		Release|Any CPU = Release|Any CPU
		Release|iPhone = Release|iPhone
		Release|iPhoneSimulator = Release|iPhoneSimulator
	EndGlobalSection
	GlobalSection(ProjectConfigurationPlatforms) = postSolution
		{33E73BBC-200F-4E39-A250-7880F5C4681B}.Ad-Hoc|Any CPU.ActiveCfg = Release|Any CPU
		{33E73BBC-200F-4E39-A250-7880F5C4681B}.Ad-Hoc|Any CPU.Build.0 = Release|Any CPU
		{33E73BBC-200F-4E39-A250-7880F5C4681B}.Ad-Hoc|Any CPU.Deploy.0 = Release|Any CPU
		{33E73BBC-200F-4E39-A250-7880F5C4681B}.Ad-Hoc|iPhone.ActiveCfg = Release|Any CPU
		{33E73BBC-200F-4E39-A250-7880F5C4681B}.Ad-Hoc|iPhone.Build.0 = Release|Any CPU
		{33E73BBC-200F-4E39-A250-7880F5C4681B}.Ad-Hoc|iPhone.Deploy.0 = Release|Any CPU
		{33E73BBC-200F-4E39-A250-7880F5C4681B}.Ad-Hoc|iPhoneSimulator.ActiveCfg = Release|Any CPU
		{33E73BBC-200F-4E39-A250-7880F5C4681B}.Ad-Hoc|iPhoneSimulator.Build.0 = Release|Any CPU
		{33E73BBC-200F-4E39-A250-7880F5C4681B}.Ad-Hoc|iPhoneSimulator.Deploy.0 = Release|Any CPU
		{33E73BBC-200F-4E39-A250-7880F5C4681B}.AppStore|Any CPU.ActiveCfg = Release|Any CPU
		{33E73BBC-200F-4E39-A250-7880F5C4681B}.AppStore|Any CPU.Build.0 = Release|Any CPU
		{33E73BBC-200F-4E39-A250-7880F5C4681B}.AppStore|Any CPU.Deploy.0 = Release|Any CPU
		{33E73BBC-200F-4E39-A250-7880F5C4681B}.AppStore|iPhone.ActiveCfg = Release|Any CPU
		{33E73BBC-200F-4E39-A250-7880F5C4681B}.AppStore|iPhone.Build.0 = Release|Any CPU
		{33E73BBC-200F-4E39-A250-7880F5C4681B}.AppStore|iPhone.Deploy.0 = Release|Any CPU
		{33E73BBC-200F-4E39-A250-7880F5C4681B}.AppStore|iPhoneSimulator.ActiveCfg = Release|Any CPU
		{33E73BBC-200F-4E39-A250-7880F5C4681B}.AppStore|iPhoneSimulator.Build.0 = Release|Any CPU
		{33E73BBC-200F-4E39-A250-7880F5C4681B}.AppStore|iPhoneSimulator.Deploy.0 = Release|Any CPU
		{33E73BBC-200F-4E39-A250-7880F5C4681B}.Debug|Any CPU.ActiveCfg = Debug|Any CPU
		{33E73BBC-200F-4E39-A250-7880F5C4681B}.Debug|Any CPU.Build.0 = Debug|Any CPU
		{33E73BBC-200F-4E39-A250-7880F5C4681B}.Debug|Any CPU.Deploy.0 = Debug|Any CPU
		{33E73BBC-200F-4E39-A250-7880F5C4681B}.Debug|iPhone.ActiveCfg = Debug|Any CPU
		{33E73BBC-200F-4E39-A250-7880F5C4681B}.Debug|iPhone.Build.0 = Debug|Any CPU
		{33E73BBC-200F-4E39-A250-7880F5C4681B}.Debug|iPhone.Deploy.0 = Debug|Any CPU
		{33E73BBC-200F-4E39-A250-7880F5C4681B}.Debug|iPhoneSimulator.ActiveCfg = Debug|Any CPU
		{33E73BBC-200F-4E39-A250-7880F5C4681B}.Debug|iPhoneSimulator.Build.0 = Debug|Any CPU
		{33E73BBC-200F-4E39-A250-7880F5C4681B}.Debug|iPhoneSimulator.Deploy.0 = Debug|Any CPU
		{33E73BBC-200F-4E39-A250-7880F5C4681B}.Release|Any CPU.ActiveCfg = Release|Any CPU
		{33E73BBC-200F-4E39-A250-7880F5C4681B}.Release|Any CPU.Build.0 = Release|Any CPU
		{33E73BBC-200F-4E39-A250-7880F5C4681B}.Release|Any CPU.Deploy.0 = Release|Any CPU
		{33E73BBC-200F-4E39-A250-7880F5C4681B}.Release|iPhone.ActiveCfg = Release|Any CPU
		{33E73BBC-200F-4E39-A250-7880F5C4681B}.Release|iPhone.Build.0 = Release|Any CPU
		{33E73BBC-200F-4E39-A250-7880F5C4681B}.Release|iPhone.Deploy.0 = Release|Any CPU
		{33E73BBC-200F-4E39-A250-7880F5C4681B}.Release|iPhoneSimulator.ActiveCfg = Release|Any CPU
		{33E73BBC-200F-4E39-A250-7880F5C4681B}.Release|iPhoneSimulator.Build.0 = Release|Any CPU
		{33E73BBC-200F-4E39-A250-7880F5C4681B}.Release|iPhoneSimulator.Deploy.0 = Release|Any CPU
		{E220850C-114E-4BC1-9DCB-7F12708FC947}.Ad-Hoc|Any CPU.ActiveCfg = Ad-Hoc|iPhone
		{E220850C-114E-4BC1-9DCB-7F12708FC947}.Ad-Hoc|Any CPU.Build.0 = Ad-Hoc|iPhone
		{E220850C-114E-4BC1-9DCB-7F12708FC947}.Ad-Hoc|Any CPU.Deploy.0 = Ad-Hoc|iPhone
		{E220850C-114E-4BC1-9DCB-7F12708FC947}.Ad-Hoc|iPhone.ActiveCfg = Ad-Hoc|iPhone
		{E220850C-114E-4BC1-9DCB-7F12708FC947}.Ad-Hoc|iPhone.Build.0 = Ad-Hoc|iPhone
		{E220850C-114E-4BC1-9DCB-7F12708FC947}.Ad-Hoc|iPhone.Deploy.0 = Ad-Hoc|iPhone
		{E220850C-114E-4BC1-9DCB-7F12708FC947}.Ad-Hoc|iPhoneSimulator.ActiveCfg = Ad-Hoc|iPhoneSimulator
		{E220850C-114E-4BC1-9DCB-7F12708FC947}.Ad-Hoc|iPhoneSimulator.Build.0 = Ad-Hoc|iPhoneSimulator
		{E220850C-114E-4BC1-9DCB-7F12708FC947}.Ad-Hoc|iPhoneSimulator.Deploy.0 = Ad-Hoc|iPhoneSimulator
		{E220850C-114E-4BC1-9DCB-7F12708FC947}.AppStore|Any CPU.ActiveCfg = AppStore|iPhone
		{E220850C-114E-4BC1-9DCB-7F12708FC947}.AppStore|Any CPU.Build.0 = AppStore|iPhone
		{E220850C-114E-4BC1-9DCB-7F12708FC947}.AppStore|Any CPU.Deploy.0 = AppStore|iPhone
		{E220850C-114E-4BC1-9DCB-7F12708FC947}.AppStore|iPhone.ActiveCfg = AppStore|iPhone
		{E220850C-114E-4BC1-9DCB-7F12708FC947}.AppStore|iPhone.Build.0 = AppStore|iPhone
		{E220850C-114E-4BC1-9DCB-7F12708FC947}.AppStore|iPhone.Deploy.0 = AppStore|iPhone
		{E220850C-114E-4BC1-9DCB-7F12708FC947}.AppStore|iPhoneSimulator.ActiveCfg = AppStore|iPhoneSimulator
		{E220850C-114E-4BC1-9DCB-7F12708FC947}.AppStore|iPhoneSimulator.Build.0 = AppStore|iPhoneSimulator
		{E220850C-114E-4BC1-9DCB-7F12708FC947}.AppStore|iPhoneSimulator.Deploy.0 = AppStore|iPhoneSimulator
		{E220850C-114E-4BC1-9DCB-7F12708FC947}.Debug|Any CPU.ActiveCfg = Debug|iPhoneSimulator
		{E220850C-114E-4BC1-9DCB-7F12708FC947}.Debug|Any CPU.Build.0 = Debug|iPhoneSimulator
		{E220850C-114E-4BC1-9DCB-7F12708FC947}.Debug|Any CPU.Deploy.0 = Debug|iPhoneSimulator
		{E220850C-114E-4BC1-9DCB-7F12708FC947}.Debug|iPhone.ActiveCfg = Debug|iPhone
		{E220850C-114E-4BC1-9DCB-7F12708FC947}.Debug|iPhone.Build.0 = Debug|iPhone
		{E220850C-114E-4BC1-9DCB-7F12708FC947}.Debug|iPhone.Deploy.0 = Debug|iPhone
		{E220850C-114E-4BC1-9DCB-7F12708FC947}.Debug|iPhoneSimulator.ActiveCfg = Debug|iPhoneSimulator
		{E220850C-114E-4BC1-9DCB-7F12708FC947}.Debug|iPhoneSimulator.Build.0 = Debug|iPhoneSimulator
		{E220850C-114E-4BC1-9DCB-7F12708FC947}.Debug|iPhoneSimulator.Deploy.0 = Debug|iPhoneSimulator
		{E220850C-114E-4BC1-9DCB-7F12708FC947}.Release|Any CPU.ActiveCfg = Release|iPhone
		{E220850C-114E-4BC1-9DCB-7F12708FC947}.Release|Any CPU.Build.0 = Release|iPhone
		{E220850C-114E-4BC1-9DCB-7F12708FC947}.Release|Any CPU.Deploy.0 = Release|iPhone
		{E220850C-114E-4BC1-9DCB-7F12708FC947}.Release|iPhone.ActiveCfg = Release|iPhone
		{E220850C-114E-4BC1-9DCB-7F12708FC947}.Release|iPhone.Build.0 = Release|iPhone
		{E220850C-114E-4BC1-9DCB-7F12708FC947}.Release|iPhone.Deploy.0 = Release|iPhone
		{E220850C-114E-4BC1-9DCB-7F12708FC947}.Release|iPhoneSimulator.ActiveCfg = Release|iPhoneSimulator
		{E220850C-114E-4BC1-9DCB-7F12708FC947}.Release|iPhoneSimulator.Build.0 = Release|iPhoneSimulator
		{E220850C-114E-4BC1-9DCB-7F12708FC947}.Release|iPhoneSimulator.Deploy.0 = Release|iPhoneSimulator
		{31390921-4BCB-49C4-81F4-ABE7DF6BFC51}.Ad-Hoc|Any CPU.ActiveCfg = Debug|Any CPU
		{31390921-4BCB-49C4-81F4-ABE7DF6BFC51}.Ad-Hoc|Any CPU.Build.0 = Debug|Any CPU
		{31390921-4BCB-49C4-81F4-ABE7DF6BFC51}.Ad-Hoc|Any CPU.Deploy.0 = Debug|Any CPU
		{31390921-4BCB-49C4-81F4-ABE7DF6BFC51}.Ad-Hoc|iPhone.ActiveCfg = Debug|Any CPU
		{31390921-4BCB-49C4-81F4-ABE7DF6BFC51}.Ad-Hoc|iPhone.Build.0 = Debug|Any CPU
		{31390921-4BCB-49C4-81F4-ABE7DF6BFC51}.Ad-Hoc|iPhone.Deploy.0 = Debug|Any CPU
		{31390921-4BCB-49C4-81F4-ABE7DF6BFC51}.Ad-Hoc|iPhoneSimulator.ActiveCfg = Debug|Any CPU
		{31390921-4BCB-49C4-81F4-ABE7DF6BFC51}.Ad-Hoc|iPhoneSimulator.Build.0 = Debug|Any CPU
		{31390921-4BCB-49C4-81F4-ABE7DF6BFC51}.Ad-Hoc|iPhoneSimulator.Deploy.0 = Debug|Any CPU
		{31390921-4BCB-49C4-81F4-ABE7DF6BFC51}.AppStore|Any CPU.ActiveCfg = Debug|Any CPU
		{31390921-4BCB-49C4-81F4-ABE7DF6BFC51}.AppStore|Any CPU.Build.0 = Debug|Any CPU
		{31390921-4BCB-49C4-81F4-ABE7DF6BFC51}.AppStore|Any CPU.Deploy.0 = Debug|Any CPU
		{31390921-4BCB-49C4-81F4-ABE7DF6BFC51}.AppStore|iPhone.ActiveCfg = Debug|Any CPU
		{31390921-4BCB-49C4-81F4-ABE7DF6BFC51}.AppStore|iPhone.Build.0 = Debug|Any CPU
		{31390921-4BCB-49C4-81F4-ABE7DF6BFC51}.AppStore|iPhone.Deploy.0 = Debug|Any CPU
		{31390921-4BCB-49C4-81F4-ABE7DF6BFC51}.AppStore|iPhoneSimulator.ActiveCfg = Debug|Any CPU
		{31390921-4BCB-49C4-81F4-ABE7DF6BFC51}.AppStore|iPhoneSimulator.Build.0 = Debug|Any CPU
		{31390921-4BCB-49C4-81F4-ABE7DF6BFC51}.AppStore|iPhoneSimulator.Deploy.0 = Debug|Any CPU
		{31390921-4BCB-49C4-81F4-ABE7DF6BFC51}.Debug|Any CPU.ActiveCfg = Debug|Any CPU
		{31390921-4BCB-49C4-81F4-ABE7DF6BFC51}.Debug|Any CPU.Build.0 = Debug|Any CPU
		{31390921-4BCB-49C4-81F4-ABE7DF6BFC51}.Debug|Any CPU.Deploy.0 = Debug|Any CPU
		{31390921-4BCB-49C4-81F4-ABE7DF6BFC51}.Debug|iPhone.ActiveCfg = Debug|Any CPU
		{31390921-4BCB-49C4-81F4-ABE7DF6BFC51}.Debug|iPhone.Build.0 = Debug|Any CPU
		{31390921-4BCB-49C4-81F4-ABE7DF6BFC51}.Debug|iPhone.Deploy.0 = Debug|Any CPU
		{31390921-4BCB-49C4-81F4-ABE7DF6BFC51}.Debug|iPhoneSimulator.ActiveCfg = Debug|Any CPU
		{31390921-4BCB-49C4-81F4-ABE7DF6BFC51}.Debug|iPhoneSimulator.Build.0 = Debug|Any CPU
		{31390921-4BCB-49C4-81F4-ABE7DF6BFC51}.Debug|iPhoneSimulator.Deploy.0 = Debug|Any CPU
		{31390921-4BCB-49C4-81F4-ABE7DF6BFC51}.Release|Any CPU.ActiveCfg = Release|Any CPU
		{31390921-4BCB-49C4-81F4-ABE7DF6BFC51}.Release|Any CPU.Build.0 = Release|Any CPU
		{31390921-4BCB-49C4-81F4-ABE7DF6BFC51}.Release|Any CPU.Deploy.0 = Release|Any CPU
		{31390921-4BCB-49C4-81F4-ABE7DF6BFC51}.Release|iPhone.ActiveCfg = Release|Any CPU
		{31390921-4BCB-49C4-81F4-ABE7DF6BFC51}.Release|iPhone.Build.0 = Release|Any CPU
		{31390921-4BCB-49C4-81F4-ABE7DF6BFC51}.Release|iPhone.Deploy.0 = Release|Any CPU
		{31390921-4BCB-49C4-81F4-ABE7DF6BFC51}.Release|iPhoneSimulator.ActiveCfg = Release|Any CPU
		{31390921-4BCB-49C4-81F4-ABE7DF6BFC51}.Release|iPhoneSimulator.Build.0 = Release|Any CPU
		{31390921-4BCB-49C4-81F4-ABE7DF6BFC51}.Release|iPhoneSimulator.Deploy.0 = Release|Any CPU
	EndGlobalSection
	GlobalSection(SolutionProperties) = preSolution
		HideSolutionNode = FALSE
	EndGlobalSection
	GlobalSection(ExtensibilityGlobals) = postSolution
		SolutionGuid = {F39D8881-95BA-4E22-B53D-EA7C6B3F048F}
	EndGlobalSection
EndGlobal
